// !$*UTF8*$!
{
	archiveVersion = 1;
	classes = {
	};
	objectVersion = 50;
	objects = {

/* Begin PBXBuildFile section */
		BC4BAD9F2642E3BB00D733DF /* LaunchScreen.storyboard in Resources */ = {isa = PBXBuildFile; fileRef = BC4BAD9E2642E3BB00D733DF /* LaunchScreen.storyboard */; };
		BC4BADA32642F25300D733DF /* Album.swift in Sources */ = {isa = PBXBuildFile; fileRef = BC4BADA22642F25300D733DF /* Album.swift */; };
		BCA090B52642ABAA002CF2C1 /* TechImageApp.swift in Sources */ = {isa = PBXBuildFile; fileRef = BCA090B42642ABAA002CF2C1 /* TechImageApp.swift */; };
		BCA090B92642ABAB002CF2C1 /* Assets.xcassets in Resources */ = {isa = PBXBuildFile; fileRef = BCA090B82642ABAB002CF2C1 /* Assets.xcassets */; };
		BCA090BC2642ABAB002CF2C1 /* Preview Assets.xcassets in Resources */ = {isa = PBXBuildFile; fileRef = BCA090BB2642ABAB002CF2C1 /* Preview Assets.xcassets */; };
/* End PBXBuildFile section */

/* Begin PBXFileReference section */
		BC4BAD9E2642E3BB00D733DF /* LaunchScreen.storyboard */ = {isa = PBXFileReference; lastKnownFileType = file.storyboard; path = LaunchScreen.storyboard; sourceTree = "<group>"; };
		BC4BADA22642F25300D733DF /* Album.swift */ = {isa = PBXFileReference; lastKnownFileType = sourcecode.swift; path = Album.swift; sourceTree = "<group>"; };
		BCA090B12642ABAA002CF2C1 /* TechImage.app */ = {isa = PBXFileReference; explicitFileType = wrapper.application; includeInIndex = 0; path = TechImage.app; sourceTree = BUILT_PRODUCTS_DIR; };
		BCA090B42642ABAA002CF2C1 /* TechImageApp.swift */ = {isa = PBXFileReference; lastKnownFileType = sourcecode.swift; path = TechImageApp.swift; sourceTree = "<group>"; };
		BCA090B82642ABAB002CF2C1 /* Assets.xcassets */ = {isa = PBXFileReference; lastKnownFileType = folder.assetcatalog; path = Assets.xcassets; sourceTree = "<group>"; };
		BCA090BB2642ABAB002CF2C1 /* Preview Assets.xcassets */ = {isa = PBXFileReference; lastKnownFileType = folder.assetcatalog; path = "Preview Assets.xcassets"; sourceTree = "<group>"; };
		BCA090BD2642ABAB002CF2C1 /* Info.plist */ = {isa = PBXFileReference; lastKnownFileType = text.plist.xml; path = Info.plist; sourceTree = "<group>"; };
/* End PBXFileReference section */

/* Begin PBXFrameworksBuildPhase section */
		BCA090AE2642ABAA002CF2C1 /* Frameworks */ = {
			isa = PBXFrameworksBuildPhase;
			buildActionMask = 2147483647;
			files = (
			);
			runOnlyForDeploymentPostprocessing = 0;
		};
/* End PBXFrameworksBuildPhase section */

/* Begin PBXGroup section */
		BCA090A82642ABAA002CF2C1 = {
			isa = PBXGroup;
			children = (
				BCA090B32642ABAA002CF2C1 /* TechImage */,
				BCA090B22642ABAA002CF2C1 /* Products */,
			);
			sourceTree = "<group>";
		};
		BCA090B22642ABAA002CF2C1 /* Products */ = {
			isa = PBXGroup;
			children = (
				BCA090B12642ABAA002CF2C1 /* TechImage.app */,
			);
			name = Products;
			sourceTree = "<group>";
		};
		BCA090B32642ABAA002CF2C1 /* TechImage */ = {
			isa = PBXGroup;
			children = (
				BCA090B42642ABAA002CF2C1 /* TechImageApp.swift */,
				BCA090B82642ABAB002CF2C1 /* Assets.xcassets */,
				BCA090BD2642ABAB002CF2C1 /* Info.plist */,
				BCA090BA2642ABAB002CF2C1 /* Preview Content */,
				BC4BAD9E2642E3BB00D733DF /* LaunchScreen.storyboard */,
				BC4BADA22642F25300D733DF /* Album.swift */,
			);
			path = TechImage;
			sourceTree = "<group>";
		};
		BCA090BA2642ABAB002CF2C1 /* Preview Content */ = {
			isa = PBXGroup;
			children = (
				BCA090BB2642ABAB002CF2C1 /* Preview Assets.xcassets */,
			);
			path = "Preview Content";
			sourceTree = "<group>";
		};
/* End PBXGroup section */

/* Begin PBXNativeTarget section */
		BCA090B02642ABAA002CF2C1 /* TechImage */ = {
			isa = PBXNativeTarget;
			buildConfigurationList = BCA090C02642ABAB002CF2C1 /* Build configuration list for PBXNativeTarget "TechImage" */;
			buildPhases = (
				BCA090AD2642ABAA002CF2C1 /* Sources */,
				BCA090AE2642ABAA002CF2C1 /* Frameworks */,
				BCA090AF2642ABAA002CF2C1 /* Resources */,
			);
			buildRules = (
			);
			dependencies = (
			);
			name = TechImage;
			productName = TechImage;
			productReference = BCA090B12642ABAA002CF2C1 /* TechImage.app */;
			productType = "com.apple.product-type.application";
		};
/* End PBXNativeTarget section */

/* Begin PBXProject section */
		BCA090A92642ABAA002CF2C1 /* Project object */ = {
			isa = PBXProject;
			attributes = {
				LastSwiftUpdateCheck = 1250;
				LastUpgradeCheck = 1250;
				TargetAttributes = {
					BCA090B02642ABAA002CF2C1 = {
						CreatedOnToolsVersion = 12.5;
					};
				};
			};
			buildConfigurationList = BCA090AC2642ABAA002CF2C1 /* Build configuration list for PBXProject "TechImage" */;
			compatibilityVersion = "Xcode 9.3";
			developmentRegion = en;
			hasScannedForEncodings = 0;
			knownRegions = (
				en,
				Base,
			);
			mainGroup = BCA090A82642ABAA002CF2C1;
			productRefGroup = BCA090B22642ABAA002CF2C1 /* Products */;
			projectDirPath = "";
			projectRoot = "";
			targets = (
				BCA090B02642ABAA002CF2C1 /* TechImage */,
			);
		};
/* End PBXProject section */

/* Begin PBXResourcesBuildPhase section */
		BCA090AF2642ABAA002CF2C1 /* Resources */ = {
			isa = PBXResourcesBuildPhase;
			buildActionMask = 2147483647;
			files = (
				BC4BAD9F2642E3BB00D733DF /* LaunchScreen.storyboard in Resources */,
				BCA090BC2642ABAB002CF2C1 /* Preview Assets.xcassets in Resources */,
				BCA090B92642ABAB002CF2C1 /* Assets.xcassets in Resources */,
			);
			runOnlyForDeploymentPostprocessing = 0;
		};
/* End PBXResourcesBuildPhase section */

/* Begin PBXSourcesBuildPhase section */
		BCA090AD2642ABAA002CF2C1 /* Sources */ = {
			isa = PBXSourcesBuildPhase;
			buildActionMask = 2147483647;
			files = (
				BCA090B52642ABAA002CF2C1 /* TechImageApp.swift in Sources */,
				BC4BADA32642F25300D733DF /* Album.swift in Sources */,
			);
			runOnlyForDeploymentPostprocessing = 0;
		};
/* End PBXSourcesBuildPhase section */

/* Begin XCBuildConfiguration section */
		BCA090BE2642ABAB002CF2C1 /* Debug */ = {
			isa = XCBuildConfiguration;
			buildSettings = {
				ALWAYS_SEARCH_USER_PATHS = NO;
				CLANG_ANALYZER_NONNULL = YES;
				CLANG_ANALYZER_NUMBER_OBJECT_CONVERSION = YES_AGGRESSIVE;
				CLANG_CXX_LANGUAGE_STANDARD = "gnu++14";
				CLANG_CXX_LIBRARY = "libc++";
				CLANG_ENABLE_MODULES = YES;
				CLANG_ENABLE_OBJC_ARC = YES;
				CLANG_ENABLE_OBJC_WEAK = YES;
				CLANG_WARN_BLOCK_CAPTURE_AUTORELEASING = YES;
				CLANG_WARN_BOOL_CONVERSION = YES;
				CLANG_WARN_COMMA = YES;
				CLANG_WARN_CONSTANT_CONVERSION = YES;
				CLANG_WARN_DEPRECATED_OBJC_IMPLEMENTATIONS = YES;
				CLANG_WARN_DIRECT_OBJC_ISA_USAGE = YES_ERROR;
				CLANG_WARN_DOCUMENTATION_COMMENTS = YES;
				CLANG_WARN_EMPTY_BODY = YES;
				CLANG_WARN_ENUM_CONVERSION = YES;
				CLANG_WARN_INFINITE_RECURSION = YES;
				CLANG_WARN_INT_CONVERSION = YES;
				CLANG_WARN_NON_LITERAL_NULL_CONVERSION = YES;
				CLANG_WARN_OBJC_IMPLICIT_RETAIN_SELF = YES;
				CLANG_WARN_OBJC_LITERAL_CONVERSION = YES;
				CLANG_WARN_OBJC_ROOT_CLASS = YES_ERROR;
				CLANG_WARN_QUOTED_INCLUDE_IN_FRAMEWORK_HEADER = YES;
				CLANG_WARN_RANGE_LOOP_ANALYSIS = YES;
				CLANG_WARN_STRICT_PROTOTYPES = YES;
				CLANG_WARN_SUSPICIOUS_MOVE = YES;
				CLANG_WARN_UNGUARDED_AVAILABILITY = YES_AGGRESSIVE;
				CLANG_WARN_UNREACHABLE_CODE = YES;
				CLANG_WARN__DUPLICATE_METHOD_MATCH = YES;
				COPY_PHASE_STRIP = NO;
				DEBUG_INFORMATION_FORMAT = dwarf;
				ENABLE_STRICT_OBJC_MSGSEND = YES;
				ENABLE_TESTABILITY = YES;
				GCC_C_LANGUAGE_STANDARD = gnu11;
				GCC_DYNAMIC_NO_PIC = NO;
				GCC_NO_COMMON_BLOCKS = YES;
				GCC_OPTIMIZATION_LEVEL = 0;
				GCC_PREPROCESSOR_DEFINITIONS = (
					"DEBUG=1",
					"$(inherited)",
				);
				GCC_WARN_64_TO_32_BIT_CONVERSION = YES;
				GCC_WARN_ABOUT_RETURN_TYPE = YES_ERROR;
				GCC_WARN_UNDECLARED_SELECTOR = YES;
				GCC_WARN_UNINITIALIZED_AUTOS = YES_AGGRESSIVE;
				GCC_WARN_UNUSED_FUNCTION = YES;
				GCC_WARN_UNUSED_VARIABLE = YES;
				IPHONEOS_DEPLOYMENT_TARGET = 14.5;
				MTL_ENABLE_DEBUG_INFO = INCLUDE_SOURCE;
				MTL_FAST_MATH = YES;
				ONLY_ACTIVE_ARCH = YES;
				SDKROOT = iphoneos;
				SWIFT_ACTIVE_COMPILATION_CONDITIONS = DEBUG;
				SWIFT_OPTIMIZATION_LEVEL = "-Onone";
			};
			name = Debug;
		};
		BCA090BF2642ABAB002CF2C1 /* Release */ = {
			isa = XCBuildConfiguration;
			buildSettings = {
				ALWAYS_SEARCH_USER_PATHS = NO;
				CLANG_ANALYZER_NONNULL = YES;
				CLANG_ANALYZER_NUMBER_OBJECT_CONVERSION = YES_AGGRESSIVE;
				CLANG_CXX_LANGUAGE_STANDARD = "gnu++14";
				CLANG_CXX_LIBRARY = "libc++";
				CLANG_ENABLE_MODULES = YES;
				CLANG_ENABLE_OBJC_ARC = YES;
				CLANG_ENABLE_OBJC_WEAK = YES;
				CLANG_WARN_BLOCK_CAPTURE_AUTORELEASING = YES;
				CLANG_WARN_BOOL_CONVERSION = YES;
				CLANG_WARN_COMMA = YES;
				CLANG_WARN_CONSTANT_CONVERSION = YES;
				CLANG_WARN_DEPRECATED_OBJC_IMPLEMENTATIONS = YES;
				CLANG_WARN_DIRECT_OBJC_ISA_USAGE = YES_ERROR;
				CLANG_WARN_DOCUMENTATION_COMMENTS = YES;
				CLANG_WARN_EMPTY_BODY = YES;
				CLANG_WARN_ENUM_CONVERSION = YES;
				CLANG_WARN_INFINITE_RECURSION = YES;
				CLANG_WARN_INT_CONVERSION = YES;
				CLANG_WARN_NON_LITERAL_NULL_CONVERSION = YES;
				CLANG_WARN_OBJC_IMPLICIT_RETAIN_SELF = YES;
				CLANG_WARN_OBJC_LITERAL_CONVERSION = YES;
				CLANG_WARN_OBJC_ROOT_CLASS = YES_ERROR;
				CLANG_WARN_QUOTED_INCLUDE_IN_FRAMEWORK_HEADER = YES;
				CLANG_WARN_RANGE_LOOP_ANALYSIS = YES;
				CLANG_WARN_STRICT_PROTOTYPES = YES;
				CLANG_WARN_SUSPICIOUS_MOVE = YES;
				CLANG_WARN_UNGUARDED_AVAILABILITY = YES_AGGRESSIVE;
				CLANG_WARN_UNREACHABLE_CODE = YES;
				CLANG_WARN__DUPLICATE_METHOD_MATCH = YES;
				COPY_PHASE_STRIP = NO;
				DEBUG_INFORMATION_FORMAT = "dwarf-with-dsym";
				ENABLE_NS_ASSERTIONS = NO;
				ENABLE_STRICT_OBJC_MSGSEND = YES;
				GCC_C_LANGUAGE_STANDARD = gnu11;
				GCC_NO_COMMON_BLOCKS = YES;
				GCC_WARN_64_TO_32_BIT_CONVERSION = YES;
				GCC_WARN_ABOUT_RETURN_TYPE = YES_ERROR;
				GCC_WARN_UNDECLARED_SELECTOR = YES;
				GCC_WARN_UNINITIALIZED_AUTOS = YES_AGGRESSIVE;
				GCC_WARN_UNUSED_FUNCTION = YES;
				GCC_WARN_UNUSED_VARIABLE = YES;
				IPHONEOS_DEPLOYMENT_TARGET = 14.5;
				MTL_ENABLE_DEBUG_INFO = NO;
				MTL_FAST_MATH = YES;
				SDKROOT = iphoneos;
				SWIFT_COMPILATION_MODE = wholemodule;
				SWIFT_OPTIMIZATION_LEVEL = "-O";
				VALIDATE_PRODUCT = YES;
			};
			name = Release;
		};
		BCA090C12642ABAB002CF2C1 /* Debug */ = {
			isa = XCBuildConfiguration;
			buildSettings = {
				ASSETCATALOG_COMPILER_APPICON_NAME = AppIcon;
				ASSETCATALOG_COMPILER_GLOBAL_ACCENT_COLOR_NAME = AccentColor;
				CODE_SIGN_STYLE = Automatic;
				DEVELOPMENT_ASSET_PATHS = "\"TechImage/Preview Content\"";
				DEVELOPMENT_TEAM = J86JS6AK56;
				ENABLE_PREVIEWS = YES;
				INFOPLIST_FILE = TechImage/Info.plist;
				IPHONEOS_DEPLOYMENT_TARGET = 14.1;
				LD_RUNPATH_SEARCH_PATHS = (
					"$(inherited)",
					"@executable_path/Frameworks",
				);
				PRODUCT_BUNDLE_IDENTIFIER = com.techimage.test.TechImage20210505;
				PRODUCT_NAME = "$(TARGET_NAME)";
				SWIFT_VERSION = 5.0;
				TARGETED_DEVICE_FAMILY = "1,2";
			};
			name = Debug;
		};
		BCA090C22642ABAB002CF2C1 /* Release */ = {
			isa = XCBuildConfiguration;
			buildSettings = {
				ASSETCATALOG_COMPILER_APPICON_NAME = AppIcon;
				ASSETCATALOG_COMPILER_GLOBAL_ACCENT_COLOR_NAME = AccentColor;
				CODE_SIGN_STYLE = Automatic;
				DEVELOPMENT_ASSET_PATHS = "\"TechImage/Preview Content\"";
				DEVELOPMENT_TEAM = J86JS6AK56;
				ENABLE_PREVIEWS = YES;
				INFOPLIST_FILE = TechImage/Info.plist;
				IPHONEOS_DEPLOYMENT_TARGET = 14.1;
				LD_RUNPATH_SEARCH_PATHS = (
					"$(inherited)",
					"@executable_path/Frameworks",
				);
				PRODUCT_BUNDLE_IDENTIFIER = com.techimage.test.TechImage20210505;
				PRODUCT_NAME = "$(TARGET_NAME)";
				SWIFT_VERSION = 5.0;
				TARGETED_DEVICE_FAMILY = "1,2";
			};
			name = Release;
		};
/* End XCBuildConfiguration section */

/* Begin XCConfigurationList section */
		BCA090AC2642ABAA002CF2C1 /* Build configuration list for PBXProject "TechImage" */ = {
			isa = XCConfigurationList;
			buildConfigurations = (
				BCA090BE2642ABAB002CF2C1 /* Debug */,
				BCA090BF2642ABAB002CF2C1 /* Release */,
			);
			defaultConfigurationIsVisible = 0;
			defaultConfigurationName = Release;
		};
		BCA090C02642ABAB002CF2C1 /* Build configuration list for PBXNativeTarget "TechImage" */ = {
			isa = XCConfigurationList;
			buildConfigurations = (
				BCA090C12642ABAB002CF2C1 /* Debug */,
				BCA090C22642ABAB002CF2C1 /* Release */,
			);
			defaultConfigurationIsVisible = 0;
			defaultConfigurationName = Release;
		};
/* End XCConfigurationList section */
	};
	rootObject = BCA090A92642ABAA002CF2C1 /* Project object */;
}
